
Microsoft Visual Studio Solution File, Format Version 12.00
# Visual Studio 15
VisualStudioVersion = 15.0.27130.2020
MinimumVisualStudioVersion = 10.0.40219.1
Project("{2150E333-8FDC-42A3-9474-1A3956D46DE8}") = "Core", "Core", "{56612C71-D077-4ECE-A97D-B79E9F41B262}"
EndProject
Project("{FAE04EC0-301F-11D3-BF4B-00C04F79EFBC}") = "ListView", "src\Core\ListView\ListView.csproj", "{2C251177-7619-46BA-9F88-9CA4D1722048}"
EndProject
Project("{2150E333-8FDC-42A3-9474-1A3956D46DE8}") = "Tests", "Tests", "{A044B1B9-8024-46CC-9E83-908226E3A742}"
EndProject
Project("{FAE04EC0-301F-11D3-BF4B-00C04F79EFBC}") = "CoordinateSystems", "src\Test\CoordinateSystems\CoordinateSystems.csproj", "{B67B471F-CA29-437C-9B10-E94FE2577AFB}"
EndProject
Project("{FAE04EC0-301F-11D3-BF4B-00C04F79EFBC}") = "Models", "src\Test\Models\Models.csproj", "{95A01E24-51F3-43AE-A57D-099C763389FD}"
EndProject
Project("{2150E333-8FDC-42A3-9474-1A3956D46DE8}") = "Providers", "Providers", "{85D353DE-D775-4584-B473-0C8368BD3472}"
EndProject
Project("{2150E333-8FDC-42A3-9474-1A3956D46DE8}") = "Indexers", "Indexers", "{38145763-0927-4720-8E31-67E8CE5CC430}"
EndProject
Project("{FAE04EC0-301F-11D3-BF4B-00C04F79EFBC}") = "Lucene", "src\Indexers\Lucene\Lucene.csproj", "{3676099C-8677-45E7-9A1B-74D42AC61BA5}"
EndProject
Project("{FAE04EC0-301F-11D3-BF4B-00C04F79EFBC}") = "Elasticsearch", "src\Indexers\Elasticsearch\Elasticsearch.csproj", "{24C9F46F-6BFD-4855-B443-C33956BC64C6}"
EndProject
Project("{FAE04EC0-301F-11D3-BF4B-00C04F79EFBC}") = "Sql", "src\Indexers\Sql\Sql.csproj", "{48A75DA6-D063-4017-A121-B049A29C925C}"
EndProject
Project("{2150E333-8FDC-42A3-9474-1A3956D46DE8}") = "CoordinateSystems", "CoordinateSystems", "{C2672687-0951-457D-99C5-368D4C1CD0B7}"
EndProject
Project("{FAE04EC0-301F-11D3-BF4B-00C04F79EFBC}") = "S2Geometry", "src\CoordinateSystems\S2Geometry\S2Geometry.csproj", "{16812688-EA55-4E93-8183-BCA99B0336A5}"
EndProject
Project("{FAE04EC0-301F-11D3-BF4B-00C04F79EFBC}") = "Terratype", "src\Core\Terratype\Terratype.csproj", "{F3211809-EC19-4ADC-9356-6C904A982DE6}"
EndProject
Project("{FAE04EC0-301F-11D3-BF4B-00C04F79EFBC}") = "GoogleMapsV3", "src\Providers\GoogleMapsV3\GoogleMapsV3.csproj", "{328AEA56-6627-468F-8F14-B82DC1D1BA84}"
EndProject
Project("{FAE04EC0-301F-11D3-BF4B-00C04F79EFBC}") = "LeafletV1", "src\Providers\LeafletV1\LeafletV1.csproj", "{ECF6FB91-0A2B-4A56-B6D2-BD122561030C}"
EndProject
Project("{FAE04EC0-301F-11D3-BF4B-00C04F79EFBC}") = "BingMapsV8", "src\Providers\BingMapsV8\BingMapsV8.csproj", "{ED33E90F-4002-47E5-B113-2D3837A1DBE5}"
EndProject
Project("{FAE04EC0-301F-11D3-BF4B-00C04F79EFBC}") = "Umbraco772", "src\Test\Umbraco772\Umbraco772.csproj", "{1E4C60DB-D3B9-4AD7-BE58-1302A7C85B26}"
EndProject
Project("{FAE04EC0-301F-11D3-BF4B-00C04F79EFBC}") = "Umbraco811", "src\Test\Umbraco811\Umbraco811\Umbraco811.csproj", "{233E50AE-B7CB-47DF-AC9D-60A8C92F4600}"
EndProject
Global
	GlobalSection(SolutionConfigurationPlatforms) = preSolution
		Debug|Any CPU = Debug|Any CPU
		Release|Any CPU = Release|Any CPU
	EndGlobalSection
	GlobalSection(ProjectConfigurationPlatforms) = postSolution
		{2C251177-7619-46BA-9F88-9CA4D1722048}.Debug|Any CPU.ActiveCfg = Debug|Any CPU
		{2C251177-7619-46BA-9F88-9CA4D1722048}.Debug|Any CPU.Build.0 = Debug|Any CPU
		{2C251177-7619-46BA-9F88-9CA4D1722048}.Release|Any CPU.ActiveCfg = Release|Any CPU
		{2C251177-7619-46BA-9F88-9CA4D1722048}.Release|Any CPU.Build.0 = Release|Any CPU
		{B67B471F-CA29-437C-9B10-E94FE2577AFB}.Debug|Any CPU.ActiveCfg = Debug|Any CPU
		{B67B471F-CA29-437C-9B10-E94FE2577AFB}.Debug|Any CPU.Build.0 = Debug|Any CPU
		{B67B471F-CA29-437C-9B10-E94FE2577AFB}.Release|Any CPU.ActiveCfg = Release|Any CPU
		{B67B471F-CA29-437C-9B10-E94FE2577AFB}.Release|Any CPU.Build.0 = Release|Any CPU
		{95A01E24-51F3-43AE-A57D-099C763389FD}.Debug|Any CPU.ActiveCfg = Debug|Any CPU
		{95A01E24-51F3-43AE-A57D-099C763389FD}.Debug|Any CPU.Build.0 = Debug|Any CPU
		{95A01E24-51F3-43AE-A57D-099C763389FD}.Release|Any CPU.ActiveCfg = Release|Any CPU
		{95A01E24-51F3-43AE-A57D-099C763389FD}.Release|Any CPU.Build.0 = Release|Any CPU
		{3676099C-8677-45E7-9A1B-74D42AC61BA5}.Debug|Any CPU.ActiveCfg = Debug|Any CPU
		{3676099C-8677-45E7-9A1B-74D42AC61BA5}.Debug|Any CPU.Build.0 = Debug|Any CPU
		{3676099C-8677-45E7-9A1B-74D42AC61BA5}.Release|Any CPU.ActiveCfg = Release|Any CPU
		{3676099C-8677-45E7-9A1B-74D42AC61BA5}.Release|Any CPU.Build.0 = Release|Any CPU
		{24C9F46F-6BFD-4855-B443-C33956BC64C6}.Debug|Any CPU.ActiveCfg = Debug|Any CPU
		{24C9F46F-6BFD-4855-B443-C33956BC64C6}.Debug|Any CPU.Build.0 = Debug|Any CPU
		{24C9F46F-6BFD-4855-B443-C33956BC64C6}.Release|Any CPU.ActiveCfg = Release|Any CPU
		{24C9F46F-6BFD-4855-B443-C33956BC64C6}.Release|Any CPU.Build.0 = Release|Any CPU
		{48A75DA6-D063-4017-A121-B049A29C925C}.Debug|Any CPU.ActiveCfg = Debug|Any CPU
		{48A75DA6-D063-4017-A121-B049A29C925C}.Debug|Any CPU.Build.0 = Debug|Any CPU
		{48A75DA6-D063-4017-A121-B049A29C925C}.Release|Any CPU.ActiveCfg = Release|Any CPU
		{48A75DA6-D063-4017-A121-B049A29C925C}.Release|Any CPU.Build.0 = Release|Any CPU
		{16812688-EA55-4E93-8183-BCA99B0336A5}.Debug|Any CPU.ActiveCfg = Debug|Any CPU
		{16812688-EA55-4E93-8183-BCA99B0336A5}.Debug|Any CPU.Build.0 = Debug|Any CPU
		{16812688-EA55-4E93-8183-BCA99B0336A5}.Release|Any CPU.ActiveCfg = Release|Any CPU
		{16812688-EA55-4E93-8183-BCA99B0336A5}.Release|Any CPU.Build.0 = Release|Any CPU
		{F3211809-EC19-4ADC-9356-6C904A982DE6}.Debug|Any CPU.ActiveCfg = Debug|Any CPU
		{F3211809-EC19-4ADC-9356-6C904A982DE6}.Debug|Any CPU.Build.0 = Debug|Any CPU
		{F3211809-EC19-4ADC-9356-6C904A982DE6}.Release|Any CPU.ActiveCfg = Release|Any CPU
		{F3211809-EC19-4ADC-9356-6C904A982DE6}.Release|Any CPU.Build.0 = Release|Any CPU
		{328AEA56-6627-468F-8F14-B82DC1D1BA84}.Debug|Any CPU.ActiveCfg = Debug|Any CPU
		{328AEA56-6627-468F-8F14-B82DC1D1BA84}.Debug|Any CPU.Build.0 = Debug|Any CPU
		{328AEA56-6627-468F-8F14-B82DC1D1BA84}.Release|Any CPU.ActiveCfg = Release|Any CPU
		{328AEA56-6627-468F-8F14-B82DC1D1BA84}.Release|Any CPU.Build.0 = Release|Any CPU
		{ECF6FB91-0A2B-4A56-B6D2-BD122561030C}.Debug|Any CPU.ActiveCfg = Debug|Any CPU
		{ECF6FB91-0A2B-4A56-B6D2-BD122561030C}.Debug|Any CPU.Build.0 = Debug|Any CPU
		{ECF6FB91-0A2B-4A56-B6D2-BD122561030C}.Release|Any CPU.ActiveCfg = Release|Any CPU
		{ECF6FB91-0A2B-4A56-B6D2-BD122561030C}.Release|Any CPU.Build.0 = Release|Any CPU
		{ED33E90F-4002-47E5-B113-2D3837A1DBE5}.Debug|Any CPU.ActiveCfg = Debug|Any CPU
		{ED33E90F-4002-47E5-B113-2D3837A1DBE5}.Debug|Any CPU.Build.0 = Debug|Any CPU
		{ED33E90F-4002-47E5-B113-2D3837A1DBE5}.Release|Any CPU.ActiveCfg = Release|Any CPU
		{ED33E90F-4002-47E5-B113-2D3837A1DBE5}.Release|Any CPU.Build.0 = Release|Any CPU
		{1E4C60DB-D3B9-4AD7-BE58-1302A7C85B26}.Debug|Any CPU.ActiveCfg = Debug|Any CPU
		{1E4C60DB-D3B9-4AD7-BE58-1302A7C85B26}.Debug|Any CPU.Build.0 = Debug|Any CPU
		{1E4C60DB-D3B9-4AD7-BE58-1302A7C85B26}.Release|Any CPU.ActiveCfg = Release|Any CPU
		{1E4C60DB-D3B9-4AD7-BE58-1302A7C85B26}.Release|Any CPU.Build.0 = Release|Any CPU
		{233E50AE-B7CB-47DF-AC9D-60A8C92F4600}.Debug|Any CPU.ActiveCfg = Debug|Any CPU
		{233E50AE-B7CB-47DF-AC9D-60A8C92F4600}.Debug|Any CPU.Build.0 = Debug|Any CPU
		{233E50AE-B7CB-47DF-AC9D-60A8C92F4600}.Release|Any CPU.ActiveCfg = Release|Any CPU
		{233E50AE-B7CB-47DF-AC9D-60A8C92F4600}.Release|Any CPU.Build.0 = Release|Any CPU
	EndGlobalSection
	GlobalSection(SolutionProperties) = preSolution
		HideSolutionNode = FALSE
	EndGlobalSection
	GlobalSection(NestedProjects) = preSolution
		{2C251177-7619-46BA-9F88-9CA4D1722048} = {56612C71-D077-4ECE-A97D-B79E9F41B262}
		{B67B471F-CA29-437C-9B10-E94FE2577AFB} = {A044B1B9-8024-46CC-9E83-908226E3A742}
		{95A01E24-51F3-43AE-A57D-099C763389FD} = {A044B1B9-8024-46CC-9E83-908226E3A742}
		{3676099C-8677-45E7-9A1B-74D42AC61BA5} = {38145763-0927-4720-8E31-67E8CE5CC430}
		{24C9F46F-6BFD-4855-B443-C33956BC64C6} = {38145763-0927-4720-8E31-67E8CE5CC430}
		{48A75DA6-D063-4017-A121-B049A29C925C} = {38145763-0927-4720-8E31-67E8CE5CC430}
		{16812688-EA55-4E93-8183-BCA99B0336A5} = {C2672687-0951-457D-99C5-368D4C1CD0B7}
		{F3211809-EC19-4ADC-9356-6C904A982DE6} = {56612C71-D077-4ECE-A97D-B79E9F41B262}
		{328AEA56-6627-468F-8F14-B82DC1D1BA84} = {85D353DE-D775-4584-B473-0C8368BD3472}
		{ECF6FB91-0A2B-4A56-B6D2-BD122561030C} = {85D353DE-D775-4584-B473-0C8368BD3472}
		{ED33E90F-4002-47E5-B113-2D3837A1DBE5} = {85D353DE-D775-4584-B473-0C8368BD3472}
		{1E4C60DB-D3B9-4AD7-BE58-1302A7C85B26} = {A044B1B9-8024-46CC-9E83-908226E3A742}
		{233E50AE-B7CB-47DF-AC9D-60A8C92F4600} = {A044B1B9-8024-46CC-9E83-908226E3A742}
	EndGlobalSection
	GlobalSection(ExtensibilityGlobals) = postSolution
		SolutionGuid = {7B8EA4DC-234E-4B23-BF86-2F6F4F114868}
	EndGlobalSection
EndGlobal
