
Microsoft Visual Studio Solution File, Format Version 12.00
# Visual Studio 14
VisualStudioVersion = 14.0.25123.0
MinimumVisualStudioVersion = 10.0.40219.1
Project("{FAE04EC0-301F-11D3-BF4B-00C04F79EFBC}") = "Terratype", "src\Terratype\Terratype.csproj", "{5034528F-401C-4FD4-8F42-23B378C7140D}"
EndProject
Project("{2150E333-8FDC-42A3-9474-1A3956D46DE8}") = "Tests", "Tests", "{A044B1B9-8024-46CC-9E83-908226E3A742}"
EndProject
Project("{FAE04EC0-301F-11D3-BF4B-00C04F79EFBC}") = "Terratype.TestSite", "src\Terratype.TestSite\Terratype.TestSite.csproj", "{5F1EAA97-8410-4A39-8382-038DE439079E}"
	ProjectSection(ProjectDependencies) = postProject
		{5034528F-401C-4FD4-8F42-23B378C7140D} = {5034528F-401C-4FD4-8F42-23B378C7140D}
	EndProjectSection
EndProject
Project("{2150E333-8FDC-42A3-9474-1A3956D46DE8}") = "Providers", "Providers", "{85D353DE-D775-4584-B473-0C8368BD3472}"
EndProject
Project("{FAE04EC0-301F-11D3-BF4B-00C04F79EFBC}") = "GoogleMapsV3", "src\Terratype.GoogleMapsV3\GoogleMapsV3.csproj", "{5E9BCC16-68C8-4F1D-B203-D54079E0CEC3}"
EndProject
Project("{FAE04EC0-301F-11D3-BF4B-00C04F79EFBC}") = "BingMapsV8", "src\Terratype.BingMapsV8\BingMapsV8.csproj", "{9F656D03-2D08-41DD-BEF8-A4C8C02D3368}"
EndProject
Project("{FAE04EC0-301F-11D3-BF4B-00C04F79EFBC}") = "LeafletV1", "src\Terratype.LeafletV1\LeafletV1.csproj", "{3146AD87-4CB5-4743-92D0-88558C727E2E}"
EndProject
Project("{FAE04EC0-301F-11D3-BF4B-00C04F79EFBC}") = "OSOpenSpaceV4", "src\Terratype.OSOpenSpaceV4\OSOpenSpaceV4.csproj", "{27FD61EE-3174-4827-8F6D-5FF66F6D1446}"
EndProject
Project("{FAE04EC0-301F-11D3-BF4B-00C04F79EFBC}") = "Terratype.nuget", "src\Terratype.nuget\Terratype.nuget.csproj", "{2BE16406-DB32-44B6-B52E-AE8083A21924}"
EndProject
Project("{FAE04EC0-301F-11D3-BF4B-00C04F79EFBC}") = "Terratype.Test.CoordinateSystems", "src\Terratype.Test.CoordinateSystems\Terratype.Test.CoordinateSystems.csproj", "{B67B471F-CA29-437C-9B10-E94FE2577AFB}"
EndProject
Project("{FAE04EC0-301F-11D3-BF4B-00C04F79EFBC}") = "Terratype.Test.Models", "src\Terratype.Test.Models\Terratype.Test.Models.csproj", "{95A01E24-51F3-43AE-A57D-099C763389FD}"
EndProject
Global
	GlobalSection(SolutionConfigurationPlatforms) = preSolution
		Debug|Any CPU = Debug|Any CPU
		Release|Any CPU = Release|Any CPU
	EndGlobalSection
	GlobalSection(ProjectConfigurationPlatforms) = postSolution
		{5034528F-401C-4FD4-8F42-23B378C7140D}.Debug|Any CPU.ActiveCfg = Debug|Any CPU
		{5034528F-401C-4FD4-8F42-23B378C7140D}.Debug|Any CPU.Build.0 = Debug|Any CPU
		{5034528F-401C-4FD4-8F42-23B378C7140D}.Release|Any CPU.ActiveCfg = Release|Any CPU
		{5034528F-401C-4FD4-8F42-23B378C7140D}.Release|Any CPU.Build.0 = Release|Any CPU
		{5F1EAA97-8410-4A39-8382-038DE439079E}.Debug|Any CPU.ActiveCfg = Debug|Any CPU
		{5F1EAA97-8410-4A39-8382-038DE439079E}.Debug|Any CPU.Build.0 = Debug|Any CPU
		{5F1EAA97-8410-4A39-8382-038DE439079E}.Release|Any CPU.ActiveCfg = Release|Any CPU
		{5F1EAA97-8410-4A39-8382-038DE439079E}.Release|Any CPU.Build.0 = Release|Any CPU
		{5E9BCC16-68C8-4F1D-B203-D54079E0CEC3}.Debug|Any CPU.ActiveCfg = Debug|Any CPU
		{5E9BCC16-68C8-4F1D-B203-D54079E0CEC3}.Debug|Any CPU.Build.0 = Debug|Any CPU
		{5E9BCC16-68C8-4F1D-B203-D54079E0CEC3}.Release|Any CPU.ActiveCfg = Release|Any CPU
		{5E9BCC16-68C8-4F1D-B203-D54079E0CEC3}.Release|Any CPU.Build.0 = Release|Any CPU
		{9F656D03-2D08-41DD-BEF8-A4C8C02D3368}.Debug|Any CPU.ActiveCfg = Debug|Any CPU
		{9F656D03-2D08-41DD-BEF8-A4C8C02D3368}.Debug|Any CPU.Build.0 = Debug|Any CPU
		{9F656D03-2D08-41DD-BEF8-A4C8C02D3368}.Release|Any CPU.ActiveCfg = Release|Any CPU
		{9F656D03-2D08-41DD-BEF8-A4C8C02D3368}.Release|Any CPU.Build.0 = Release|Any CPU
		{3146AD87-4CB5-4743-92D0-88558C727E2E}.Debug|Any CPU.ActiveCfg = Debug|Any CPU
		{3146AD87-4CB5-4743-92D0-88558C727E2E}.Debug|Any CPU.Build.0 = Debug|Any CPU
		{3146AD87-4CB5-4743-92D0-88558C727E2E}.Release|Any CPU.ActiveCfg = Release|Any CPU
		{3146AD87-4CB5-4743-92D0-88558C727E2E}.Release|Any CPU.Build.0 = Release|Any CPU
		{27FD61EE-3174-4827-8F6D-5FF66F6D1446}.Debug|Any CPU.ActiveCfg = Debug|Any CPU
		{27FD61EE-3174-4827-8F6D-5FF66F6D1446}.Debug|Any CPU.Build.0 = Debug|Any CPU
		{27FD61EE-3174-4827-8F6D-5FF66F6D1446}.Release|Any CPU.ActiveCfg = Release|Any CPU
		{27FD61EE-3174-4827-8F6D-5FF66F6D1446}.Release|Any CPU.Build.0 = Release|Any CPU
		{2BE16406-DB32-44B6-B52E-AE8083A21924}.Debug|Any CPU.ActiveCfg = Debug|Any CPU
		{2BE16406-DB32-44B6-B52E-AE8083A21924}.Debug|Any CPU.Build.0 = Debug|Any CPU
		{2BE16406-DB32-44B6-B52E-AE8083A21924}.Release|Any CPU.ActiveCfg = Release|Any CPU
		{2BE16406-DB32-44B6-B52E-AE8083A21924}.Release|Any CPU.Build.0 = Release|Any CPU
		{B67B471F-CA29-437C-9B10-E94FE2577AFB}.Debug|Any CPU.ActiveCfg = Debug|Any CPU
		{B67B471F-CA29-437C-9B10-E94FE2577AFB}.Debug|Any CPU.Build.0 = Debug|Any CPU
		{B67B471F-CA29-437C-9B10-E94FE2577AFB}.Release|Any CPU.ActiveCfg = Release|Any CPU
		{B67B471F-CA29-437C-9B10-E94FE2577AFB}.Release|Any CPU.Build.0 = Release|Any CPU
		{95A01E24-51F3-43AE-A57D-099C763389FD}.Debug|Any CPU.ActiveCfg = Debug|Any CPU
		{95A01E24-51F3-43AE-A57D-099C763389FD}.Debug|Any CPU.Build.0 = Debug|Any CPU
		{95A01E24-51F3-43AE-A57D-099C763389FD}.Release|Any CPU.ActiveCfg = Release|Any CPU
		{95A01E24-51F3-43AE-A57D-099C763389FD}.Release|Any CPU.Build.0 = Release|Any CPU
	EndGlobalSection
	GlobalSection(SolutionProperties) = preSolution
		HideSolutionNode = FALSE
	EndGlobalSection
	GlobalSection(NestedProjects) = preSolution
		{5F1EAA97-8410-4A39-8382-038DE439079E} = {A044B1B9-8024-46CC-9E83-908226E3A742}
		{5E9BCC16-68C8-4F1D-B203-D54079E0CEC3} = {85D353DE-D775-4584-B473-0C8368BD3472}
		{9F656D03-2D08-41DD-BEF8-A4C8C02D3368} = {85D353DE-D775-4584-B473-0C8368BD3472}
		{3146AD87-4CB5-4743-92D0-88558C727E2E} = {85D353DE-D775-4584-B473-0C8368BD3472}
		{27FD61EE-3174-4827-8F6D-5FF66F6D1446} = {85D353DE-D775-4584-B473-0C8368BD3472}
		{2BE16406-DB32-44B6-B52E-AE8083A21924} = {A044B1B9-8024-46CC-9E83-908226E3A742}
		{B67B471F-CA29-437C-9B10-E94FE2577AFB} = {A044B1B9-8024-46CC-9E83-908226E3A742}
		{95A01E24-51F3-43AE-A57D-099C763389FD} = {A044B1B9-8024-46CC-9E83-908226E3A742}
	EndGlobalSection
EndGlobal
